{
  "name": "test-keycloak",
  "version": "1.0.0",
  "lockfileVersion": 3,
  "requires": true,
  "packages": {
    "": {
      "name": "test-keycloak",
      "version": "1.0.0",
      "dependencies": {
        "keycloak-js": "26.0.7"
      }
    },
    "node_modules/keycloak-js": {
      "version": "26.0.7",
      "resolved": "https://registry.npmjs.org/keycloak-js/-/keycloak-js-26.0.7.tgz",
      "integrity": "sha512-vKCk1ISMiouYRLjMzi5fKp58RnYxKEBS29BoDgVfYwVW94IXchj9jLqBvIet31VD1v79l3WaWT+WMX7fH8O4wA==",
      "license": "Apache-2.0"
    }
  }
}
